Microsoft Visual Studio Solution File, Format Version 12.00
# Visual Studio Version 17
VisualStudioVersion = 17.0.31903.59
MinimumVisualStudioVersion = 10.0.40219.1
Project("{FAE04EC0-301F-11D3-BF4B-00C04F79EFBC}") = "Fx40.Console.x86", "tests\Debuggees\Fx40.Console.x86\Fx40.Console.x86.csproj", "{2F6E2DF4-AC48-42B0-B9E4-3FB4447B14B1}"
EndProject
Project("{FAE04EC0-301F-11D3-BF4B-00C04F79EFBC}") = "Fx40.Console.x64", "tests\Debuggees\Fx40.Console.x64\Fx40.Console.x64.csproj", "{B0C16761-669D-4247-B909-C2D388A9411B}"
EndProject
Project("{FAE04EC0-301F-11D3-BF4B-00C04F79EFBC}") = "Fx40.WinForms.x86", "tests\Debuggees\Fx40.WinForms.x86\Fx40.WinForms.x86.csproj", "{E739D08A-B6C0-45D4-B729-22ED8B2D0E3A}"
EndProject
Project("{FAE04EC0-301F-11D3-BF4B-00C04F79EFBC}") = "Fx40.WinForms.x64", "tests\Debuggees\Fx40.WinForms.x64\Fx40.WinForms.x64.csproj", "{32B2D53D-0BB3-417A-ADDB-C655F335FB22}"
EndProject
Project("{FAE04EC0-301F-11D3-BF4B-00C04F79EFBC}") = "FxDbg.ClrDebug.Probe", "tests\Probes\FxDbg.ClrDebug.Probe\FxDbg.ClrDebug.Probe.csproj", "{A3E8B667-4FE7-4C39-AF46-C5D67DECCF40}"
EndProject
Project("{FAE04EC0-301F-11D3-BF4B-00C04F79EFBC}") = "FxDbg.ClrDebug.Probe.x64", "tests\Probes\FxDbg.ClrDebug.Probe.x64\FxDbg.ClrDebug.Probe.x64.csproj", "{29070DBD-4472-489F-A9B5-2621BE230579}"
EndProject
Project("{FAE04EC0-301F-11D3-BF4B-00C04F79EFBC}") = "Fx35.Console.x86", "tests\Debuggees\Fx35.Console.x86\Fx35.Console.x86.csproj", "{AC2FF8F5-1B99-4A78-B6CC-0407E783B7AD}"
EndProject
Project("{FAE04EC0-301F-11D3-BF4B-00C04F79EFBC}") = "Core80.Console.x64", "tests\Debuggees\Core80.Console.x64\Core80.Console.x64.csproj", "{513F94AB-70ED-4C45-8314-8DAFE5BCF9C4}"
EndProject
Project("{FAE04EC0-301F-11D3-BF4B-00C04F79EFBC}") = "FxDbg.Symbols.Probe", "tests\Probes\FxDbg.Symbols.Probe\FxDbg.Symbols.Probe.csproj", "{6FBCB446-887F-4C3B-9405-CF38E648EE9B}"
EndProject
Project("{FAE04EC0-301F-11D3-BF4B-00C04F79EFBC}") = "FxDbg.Breakpoint.Probe", "tests\Probes\FxDbg.Breakpoint.Probe\FxDbg.Breakpoint.Probe.csproj", "{3DAAF5FC-8128-491E-B363-E36E2F613999}"
EndProject
Global
	GlobalSection(SolutionConfigurationPlatforms) = preSolution
		Debug|Any CPU = Debug|Any CPU
		Release|Any CPU = Release|Any CPU
	EndGlobalSection
	GlobalSection(ProjectConfigurationPlatforms) = postSolution
		{2F6E2DF4-AC48-42B0-B9E4-3FB4447B14B1}.Debug|Any CPU.ActiveCfg = Debug|Any CPU
		{2F6E2DF4-AC48-42B0-B9E4-3FB4447B14B1}.Debug|Any CPU.Build.0 = Debug|Any CPU
		{2F6E2DF4-AC48-42B0-B9E4-3FB4447B14B1}.Release|Any CPU.ActiveCfg = Release|Any CPU
		{2F6E2DF4-AC48-42B0-B9E4-3FB4447B14B1}.Release|Any CPU.Build.0 = Release|Any CPU
		{B0C16761-669D-4247-B909-C2D388A9411B}.Debug|Any CPU.ActiveCfg = Debug|Any CPU
		{B0C16761-669D-4247-B909-C2D388A9411B}.Debug|Any CPU.Build.0 = Debug|Any CPU
		{B0C16761-669D-4247-B909-C2D388A9411B}.Release|Any CPU.ActiveCfg = Release|Any CPU
		{B0C16761-669D-4247-B909-C2D388A9411B}.Release|Any CPU.Build.0 = Release|Any CPU
		{E739D08A-B6C0-45D4-B729-22ED8B2D0E3A}.Debug|Any CPU.ActiveCfg = Debug|Any CPU
		{E739D08A-B6C0-45D4-B729-22ED8B2D0E3A}.Debug|Any CPU.Build.0 = Debug|Any CPU
		{E739D08A-B6C0-45D4-B729-22ED8B2D0E3A}.Release|Any CPU.ActiveCfg = Release|Any CPU
		{E739D08A-B6C0-45D4-B729-22ED8B2D0E3A}.Release|Any CPU.Build.0 = Release|Any CPU
		{32B2D53D-0BB3-417A-ADDB-C655F335FB22}.Debug|Any CPU.ActiveCfg = Debug|Any CPU
		{32B2D53D-0BB3-417A-ADDB-C655F335FB22}.Debug|Any CPU.Build.0 = Debug|Any CPU
		{32B2D53D-0BB3-417A-ADDB-C655F335FB22}.Release|Any CPU.ActiveCfg = Release|Any CPU
		{32B2D53D-0BB3-417A-ADDB-C655F335FB22}.Release|Any CPU.Build.0 = Release|Any CPU
		{A3E8B667-4FE7-4C39-AF46-C5D67DECCF40}.Debug|Any CPU.ActiveCfg = Debug|Any CPU
		{A3E8B667-4FE7-4C39-AF46-C5D67DECCF40}.Debug|Any CPU.Build.0 = Debug|Any CPU
		{A3E8B667-4FE7-4C39-AF46-C5D67DECCF40}.Release|Any CPU.ActiveCfg = Release|Any CPU
		{A3E8B667-4FE7-4C39-AF46-C5D67DECCF40}.Release|Any CPU.Build.0 = Release|Any CPU
		{29070DBD-4472-489F-A9B5-2621BE230579}.Debug|Any CPU.ActiveCfg = Debug|Any CPU
		{29070DBD-4472-489F-A9B5-2621BE230579}.Debug|Any CPU.Build.0 = Debug|Any CPU
		{29070DBD-4472-489F-A9B5-2621BE230579}.Release|Any CPU.ActiveCfg = Release|Any CPU
		{29070DBD-4472-489F-A9B5-2621BE230579}.Release|Any CPU.Build.0 = Release|Any CPU
		{AC2FF8F5-1B99-4A78-B6CC-0407E783B7AD}.Debug|Any CPU.ActiveCfg = Debug|Any CPU
		{AC2FF8F5-1B99-4A78-B6CC-0407E783B7AD}.Debug|Any CPU.Build.0 = Debug|Any CPU
		{AC2FF8F5-1B99-4A78-B6CC-0407E783B7AD}.Release|Any CPU.ActiveCfg = Release|Any CPU
		{AC2FF8F5-1B99-4A78-B6CC-0407E783B7AD}.Release|Any CPU.Build.0 = Release|Any CPU
		{513F94AB-70ED-4C45-8314-8DAFE5BCF9C4}.Debug|Any CPU.ActiveCfg = Debug|Any CPU
		{513F94AB-70ED-4C45-8314-8DAFE5BCF9C4}.Debug|Any CPU.Build.0 = Debug|Any CPU
		{513F94AB-70ED-4C45-8314-8DAFE5BCF9C4}.Release|Any CPU.ActiveCfg = Release|Any CPU
		{513F94AB-70ED-4C45-8314-8DAFE5BCF9C4}.Release|Any CPU.Build.0 = Release|Any CPU
		{6FBCB446-887F-4C3B-9405-CF38E648EE9B}.Debug|Any CPU.ActiveCfg = Debug|Any CPU
		{6FBCB446-887F-4C3B-9405-CF38E648EE9B}.Debug|Any CPU.Build.0 = Debug|Any CPU
		{6FBCB446-887F-4C3B-9405-CF38E648EE9B}.Release|Any CPU.ActiveCfg = Release|Any CPU
		{6FBCB446-887F-4C3B-9405-CF38E648EE9B}.Release|Any CPU.Build.0 = Release|Any CPU
		{3DAAF5FC-8128-491E-B363-E36E2F613999}.Debug|Any CPU.ActiveCfg = Debug|Any CPU
		{3DAAF5FC-8128-491E-B363-E36E2F613999}.Debug|Any CPU.Build.0 = Debug|Any CPU
		{3DAAF5FC-8128-491E-B363-E36E2F613999}.Release|Any CPU.ActiveCfg = Release|Any CPU
		{3DAAF5FC-8128-491E-B363-E36E2F613999}.Release|Any CPU.Build.0 = Release|Any CPU
	EndGlobalSection
	GlobalSection(SolutionProperties) = preSolution
		HideSolutionNode = FALSE
	EndGlobalSection
EndGlobal
