
Microsoft Visual Studio Solution File, Format Version 12.00
# Visual Studio Version 17
VisualStudioVersion = 17.0.31903.59
MinimumVisualStudioVersion = 10.0.40219.1
Project("{FAE04EC0-301F-11D3-BF4B-00C04F79EFBC}") = "Fx40.Console.x86", "tests\Debuggees\Fx40.Console.x86\Fx40.Console.x86.csproj", "{2F6E2DF4-AC48-42B0-B9E4-3FB4447B14B1}"
EndProject
Project("{FAE04EC0-301F-11D3-BF4B-00C04F79EFBC}") = "Fx40.Console.x64", "tests\Debuggees\Fx40.Console.x64\Fx40.Console.x64.csproj", "{B0C16761-669D-4247-B909-C2D388A9411B}"
EndProject
Project("{FAE04EC0-301F-11D3-BF4B-00C04F79EFBC}") = "Fx40.WinForms.x86", "tests\Debuggees\Fx40.WinForms.x86\Fx40.WinForms.x86.csproj", "{E739D08A-B6C0-45D4-B729-22ED8B2D0E3A}"
EndProject
Project("{FAE04EC0-301F-11D3-BF4B-00C04F79EFBC}") = "Fx40.WinForms.x64", "tests\Debuggees\Fx40.WinForms.x64\Fx40.WinForms.x64.csproj", "{32B2D53D-0BB3-417A-ADDB-C655F335FB22}"
EndProject
Project("{FAE04EC0-301F-11D3-BF4B-00C04F79EFBC}") = "FxDbg.ClrDebug.Probe", "tests\Probes\FxDbg.ClrDebug.Probe\FxDbg.ClrDebug.Probe.csproj", "{A3E8B667-4FE7-4C39-AF46-C5D67DECCF40}"
EndProject
Project("{FAE04EC0-301F-11D3-BF4B-00C04F79EFBC}") = "FxDbg.ClrDebug.Probe.x64", "tests\Probes\FxDbg.ClrDebug.Probe.x64\FxDbg.ClrDebug.Probe.x64.csproj", "{29070DBD-4472-489F-A9B5-2621BE230579}"
EndProject
Project("{FAE04EC0-301F-11D3-BF4B-00C04F79EFBC}") = "Fx35.Console.x86", "tests\Debuggees\Fx35.Console.x86\Fx35.Console.x86.csproj", "{AC2FF8F5-1B99-4A78-B6CC-0407E783B7AD}"
EndProject
Project("{FAE04EC0-301F-11D3-BF4B-00C04F79EFBC}") = "Core80.Console.x64", "tests\Debuggees\Core80.Console.x64\Core80.Console.x64.csproj", "{513F94AB-70ED-4C45-8314-8DAFE5BCF9C4}"
EndProject
Project("{FAE04EC0-301F-11D3-BF4B-00C04F79EFBC}") = "FxDbg.Symbols.Probe", "tests\Probes\FxDbg.Symbols.Probe\FxDbg.Symbols.Probe.csproj", "{6FBCB446-887F-4C3B-9405-CF38E648EE9B}"
EndProject
Project("{FAE04EC0-301F-11D3-BF4B-00C04F79EFBC}") = "FxDbg.Breakpoint.Probe", "tests\Probes\FxDbg.Breakpoint.Probe\FxDbg.Breakpoint.Probe.csproj", "{3DAAF5FC-8128-491E-B363-E36E2F613999}"
EndProject
Project("{2150E333-8FDC-42A3-9474-1A3956D46DE8}") = "src", "src", "{827E0CD3-B72D-47B6-A68D-7590B98EB39B}"
EndProject
Project("{FAE04EC0-301F-11D3-BF4B-00C04F79EFBC}") = "FxDbg.Core", "src\FxDbg.Core\FxDbg.Core.csproj", "{0ECBC976-949B-4F34-A888-4286CB8AC5FD}"
EndProject
Project("{2150E333-8FDC-42A3-9474-1A3956D46DE8}") = "tests", "tests", "{0AB3BF05-4346-4AA6-1389-037BE0695223}"
EndProject
Project("{FAE04EC0-301F-11D3-BF4B-00C04F79EFBC}") = "FxDbg.UnitTests", "tests\FxDbg.UnitTests\FxDbg.UnitTests.csproj", "{503CA4D0-14AB-47CA-AA50-B38CD260E3AF}"
EndProject
Project("{FAE04EC0-301F-11D3-BF4B-00C04F79EFBC}") = "FxDbg.Host", "src\FxDbg.Host\FxDbg.Host.csproj", "{723D7ADD-52B8-40B6-A786-5F7E625182E2}"
EndProject
Project("{FAE04EC0-301F-11D3-BF4B-00C04F79EFBC}") = "FxDbg.Interop", "src\FxDbg.Interop\FxDbg.Interop.csproj", "{776BA612-41D2-4542-83AF-D267A458CD71}"
EndProject
Project("{2150E333-8FDC-42A3-9474-1A3956D46DE8}") = "FxDbg.Engine", "FxDbg.Engine", "{D16E4474-6EB6-2F76-CE30-9E0E5BA0728A}"
EndProject
Project("{FAE04EC0-301F-11D3-BF4B-00C04F79EFBC}") = "FxDbg.Engine.x86", "src\FxDbg.Engine\FxDbg.Engine.x86.csproj", "{5394EA92-7FAD-4582-AC68-E53715DB1395}"
EndProject
Project("{FAE04EC0-301F-11D3-BF4B-00C04F79EFBC}") = "FxDbg.Engine.x64", "src\FxDbg.Engine\FxDbg.Engine.x64.csproj", "{C8B50092-716A-4394-9714-5FC3B901AC54}"
EndProject
Project("{FAE04EC0-301F-11D3-BF4B-00C04F79EFBC}") = "FxDbg.Engine.Runtime", "src\FxDbg.Engine\FxDbg.Engine.Runtime.csproj", "{D2D6C31D-A1F0-4B74-9B48-7F9AA813C921}"
EndProject
Project("{2150E333-8FDC-42A3-9474-1A3956D46DE8}") = "Debuggees", "Debuggees", "{9C30F1B0-5B3C-1365-2D12-B8AD95412957}"
EndProject
Project("{FAE04EC0-301F-11D3-BF4B-00C04F79EFBC}") = "Fx45.Console.AnyCpuPreferred", "tests\Debuggees\Fx45.Console.AnyCpuPreferred\Fx45.Console.AnyCpuPreferred.csproj", "{866762A3-0FCA-4AE1-8FB7-79D40F668745}"
EndProject
Project("{FAE04EC0-301F-11D3-BF4B-00C04F79EFBC}") = "FxDbg.Symbols.Windows", "src\FxDbg.Symbols.Windows\FxDbg.Symbols.Windows.csproj", "{2FDA58A5-3170-47BC-8638-1ECAAB6452D3}"
EndProject
Project("{FAE04EC0-301F-11D3-BF4B-00C04F79EFBC}") = "Fx40.LateModule", "tests\Debuggees\Fx40.LateModule\Fx40.LateModule.csproj", "{4954848F-EAFF-41FF-AA99-F70CE753A4B4}"
EndProject
Project("{FAE04EC0-301F-11D3-BF4B-00C04F79EFBC}") = "Fx40.ModuleLifecycle", "tests\Debuggees\Fx40.ModuleLifecycle\Fx40.ModuleLifecycle.csproj", "{115C2F48-0CD6-4D93-B988-942761D27C8B}"
EndProject
Project("{2150E333-8FDC-42A3-9474-1A3956D46DE8}") = "FxDbg.IntegrationTests", "FxDbg.IntegrationTests", "{EBA4B960-810E-2806-F19A-640EF73E6F07}"
EndProject
Project("{FAE04EC0-301F-11D3-BF4B-00C04F79EFBC}") = "FxDbg.IntegrationTests.x86", "tests\FxDbg.IntegrationTests\FxDbg.IntegrationTests.x86.csproj", "{4240CDF0-8E1A-41E8-97E6-F67AEEA1E84B}"
EndProject
Project("{FAE04EC0-301F-11D3-BF4B-00C04F79EFBC}") = "FxDbg.IntegrationTests.x64", "tests\FxDbg.IntegrationTests\FxDbg.IntegrationTests.x64.csproj", "{4B042C3E-125C-4DA5-A21E-98A37DD478AF}"
EndProject
Project("{FAE04EC0-301F-11D3-BF4B-00C04F79EFBC}") = "Fx40.ModuleLifecycle.x86", "tests\Debuggees\Fx40.ModuleLifecycle.x86\Fx40.ModuleLifecycle.x86.csproj", "{65043677-CA9B-4ABE-B2D5-DFE8EF331418}"
EndProject
Project("{FAE04EC0-301F-11D3-BF4B-00C04F79EFBC}") = "FxDbg.Engine.Protocol", "src\FxDbg.Engine.Protocol\FxDbg.Engine.Protocol.csproj", "{45D1845F-5455-4CE7-94CB-D7E79B630FBB}"
EndProject
Project("{FAE04EC0-301F-11D3-BF4B-00C04F79EFBC}") = "FxDbg.HostIntegrationTests", "tests\FxDbg.HostIntegrationTests\FxDbg.HostIntegrationTests.csproj", "{5E92C326-DC23-4993-99DB-ECFB094F8709}"
EndProject
Project("{FAE04EC0-301F-11D3-BF4B-00C04F79EFBC}") = "FxDbg.Cli", "src\FxDbg.Cli\FxDbg.Cli.csproj", "{F214950A-EE61-47D1-BF63-9998C7489C98}"
EndProject
Project("{FAE04EC0-301F-11D3-BF4B-00C04F79EFBC}") = "FxDbg.McpHost", "src\FxDbg.McpHost\FxDbg.McpHost.csproj", "{412E58DB-2FC9-4DEB-ACDB-9CD2DF5DD88F}"
EndProject
Project("{FAE04EC0-301F-11D3-BF4B-00C04F79EFBC}") = "FxDbg.McpIntegrationTests", "tests\FxDbg.McpIntegrationTests\FxDbg.McpIntegrationTests.csproj", "{E6889220-4F44-45DE-BE11-975CE00EA032}"
EndProject
Project("{FAE04EC0-301F-11D3-BF4B-00C04F79EFBC}") = "FxDbg.DapHost", "src\FxDbg.DapHost\FxDbg.DapHost.csproj", "{8CA4F85B-36B8-448A-A6DA-DBB0B3F957D9}"
EndProject
Global
	GlobalSection(SolutionConfigurationPlatforms) = preSolution
		Debug|Any CPU = Debug|Any CPU
		Debug|x64 = Debug|x64
		Debug|x86 = Debug|x86
		Release|Any CPU = Release|Any CPU
		Release|x64 = Release|x64
		Release|x86 = Release|x86
	EndGlobalSection
	GlobalSection(ProjectConfigurationPlatforms) = postSolution
		{2F6E2DF4-AC48-42B0-B9E4-3FB4447B14B1}.Debug|Any CPU.ActiveCfg = Debug|Any CPU
		{2F6E2DF4-AC48-42B0-B9E4-3FB4447B14B1}.Debug|Any CPU.Build.0 = Debug|Any CPU
		{2F6E2DF4-AC48-42B0-B9E4-3FB4447B14B1}.Debug|x64.ActiveCfg = Debug|Any CPU
		{2F6E2DF4-AC48-42B0-B9E4-3FB4447B14B1}.Debug|x64.Build.0 = Debug|Any CPU
		{2F6E2DF4-AC48-42B0-B9E4-3FB4447B14B1}.Debug|x86.ActiveCfg = Debug|Any CPU
		{2F6E2DF4-AC48-42B0-B9E4-3FB4447B14B1}.Debug|x86.Build.0 = Debug|Any CPU
		{2F6E2DF4-AC48-42B0-B9E4-3FB4447B14B1}.Release|Any CPU.ActiveCfg = Release|Any CPU
		{2F6E2DF4-AC48-42B0-B9E4-3FB4447B14B1}.Release|Any CPU.Build.0 = Release|Any CPU
		{2F6E2DF4-AC48-42B0-B9E4-3FB4447B14B1}.Release|x64.ActiveCfg = Release|Any CPU
		{2F6E2DF4-AC48-42B0-B9E4-3FB4447B14B1}.Release|x64.Build.0 = Release|Any CPU
		{2F6E2DF4-AC48-42B0-B9E4-3FB4447B14B1}.Release|x86.ActiveCfg = Release|Any CPU
		{2F6E2DF4-AC48-42B0-B9E4-3FB4447B14B1}.Release|x86.Build.0 = Release|Any CPU
		{B0C16761-669D-4247-B909-C2D388A9411B}.Debug|Any CPU.ActiveCfg = Debug|Any CPU
		{B0C16761-669D-4247-B909-C2D388A9411B}.Debug|Any CPU.Build.0 = Debug|Any CPU
		{B0C16761-669D-4247-B909-C2D388A9411B}.Debug|x64.ActiveCfg = Debug|Any CPU
		{B0C16761-669D-4247-B909-C2D388A9411B}.Debug|x64.Build.0 = Debug|Any CPU
		{B0C16761-669D-4247-B909-C2D388A9411B}.Debug|x86.ActiveCfg = Debug|Any CPU
		{B0C16761-669D-4247-B909-C2D388A9411B}.Debug|x86.Build.0 = Debug|Any CPU
		{B0C16761-669D-4247-B909-C2D388A9411B}.Release|Any CPU.ActiveCfg = Release|Any CPU
		{B0C16761-669D-4247-B909-C2D388A9411B}.Release|Any CPU.Build.0 = Release|Any CPU
		{B0C16761-669D-4247-B909-C2D388A9411B}.Release|x64.ActiveCfg = Release|Any CPU
		{B0C16761-669D-4247-B909-C2D388A9411B}.Release|x64.Build.0 = Release|Any CPU
		{B0C16761-669D-4247-B909-C2D388A9411B}.Release|x86.ActiveCfg = Release|Any CPU
		{B0C16761-669D-4247-B909-C2D388A9411B}.Release|x86.Build.0 = Release|Any CPU
		{E739D08A-B6C0-45D4-B729-22ED8B2D0E3A}.Debug|Any CPU.ActiveCfg = Debug|Any CPU
		{E739D08A-B6C0-45D4-B729-22ED8B2D0E3A}.Debug|Any CPU.Build.0 = Debug|Any CPU
		{E739D08A-B6C0-45D4-B729-22ED8B2D0E3A}.Debug|x64.ActiveCfg = Debug|Any CPU
		{E739D08A-B6C0-45D4-B729-22ED8B2D0E3A}.Debug|x64.Build.0 = Debug|Any CPU
		{E739D08A-B6C0-45D4-B729-22ED8B2D0E3A}.Debug|x86.ActiveCfg = Debug|Any CPU
		{E739D08A-B6C0-45D4-B729-22ED8B2D0E3A}.Debug|x86.Build.0 = Debug|Any CPU
		{E739D08A-B6C0-45D4-B729-22ED8B2D0E3A}.Release|Any CPU.ActiveCfg = Release|Any CPU
		{E739D08A-B6C0-45D4-B729-22ED8B2D0E3A}.Release|Any CPU.Build.0 = Release|Any CPU
		{E739D08A-B6C0-45D4-B729-22ED8B2D0E3A}.Release|x64.ActiveCfg = Release|Any CPU
		{E739D08A-B6C0-45D4-B729-22ED8B2D0E3A}.Release|x64.Build.0 = Release|Any CPU
		{E739D08A-B6C0-45D4-B729-22ED8B2D0E3A}.Release|x86.ActiveCfg = Release|Any CPU
		{E739D08A-B6C0-45D4-B729-22ED8B2D0E3A}.Release|x86.Build.0 = Release|Any CPU
		{32B2D53D-0BB3-417A-ADDB-C655F335FB22}.Debug|Any CPU.ActiveCfg = Debug|Any CPU
		{32B2D53D-0BB3-417A-ADDB-C655F335FB22}.Debug|Any CPU.Build.0 = Debug|Any CPU
		{32B2D53D-0BB3-417A-ADDB-C655F335FB22}.Debug|x64.ActiveCfg = Debug|Any CPU
		{32B2D53D-0BB3-417A-ADDB-C655F335FB22}.Debug|x64.Build.0 = Debug|Any CPU
		{32B2D53D-0BB3-417A-ADDB-C655F335FB22}.Debug|x86.ActiveCfg = Debug|Any CPU
		{32B2D53D-0BB3-417A-ADDB-C655F335FB22}.Debug|x86.Build.0 = Debug|Any CPU
		{32B2D53D-0BB3-417A-ADDB-C655F335FB22}.Release|Any CPU.ActiveCfg = Release|Any CPU
		{32B2D53D-0BB3-417A-ADDB-C655F335FB22}.Release|Any CPU.Build.0 = Release|Any CPU
		{32B2D53D-0BB3-417A-ADDB-C655F335FB22}.Release|x64.ActiveCfg = Release|Any CPU
		{32B2D53D-0BB3-417A-ADDB-C655F335FB22}.Release|x64.Build.0 = Release|Any CPU
		{32B2D53D-0BB3-417A-ADDB-C655F335FB22}.Release|x86.ActiveCfg = Release|Any CPU
		{32B2D53D-0BB3-417A-ADDB-C655F335FB22}.Release|x86.Build.0 = Release|Any CPU
		{A3E8B667-4FE7-4C39-AF46-C5D67DECCF40}.Debug|Any CPU.ActiveCfg = Debug|Any CPU
		{A3E8B667-4FE7-4C39-AF46-C5D67DECCF40}.Debug|Any CPU.Build.0 = Debug|Any CPU
		{A3E8B667-4FE7-4C39-AF46-C5D67DECCF40}.Debug|x64.ActiveCfg = Debug|Any CPU
		{A3E8B667-4FE7-4C39-AF46-C5D67DECCF40}.Debug|x64.Build.0 = Debug|Any CPU
		{A3E8B667-4FE7-4C39-AF46-C5D67DECCF40}.Debug|x86.ActiveCfg = Debug|Any CPU
		{A3E8B667-4FE7-4C39-AF46-C5D67DECCF40}.Debug|x86.Build.0 = Debug|Any CPU
		{A3E8B667-4FE7-4C39-AF46-C5D67DECCF40}.Release|Any CPU.ActiveCfg = Release|Any CPU
		{A3E8B667-4FE7-4C39-AF46-C5D67DECCF40}.Release|Any CPU.Build.0 = Release|Any CPU
		{A3E8B667-4FE7-4C39-AF46-C5D67DECCF40}.Release|x64.ActiveCfg = Release|Any CPU
		{A3E8B667-4FE7-4C39-AF46-C5D67DECCF40}.Release|x64.Build.0 = Release|Any CPU
		{A3E8B667-4FE7-4C39-AF46-C5D67DECCF40}.Release|x86.ActiveCfg = Release|Any CPU
		{A3E8B667-4FE7-4C39-AF46-C5D67DECCF40}.Release|x86.Build.0 = Release|Any CPU
		{29070DBD-4472-489F-A9B5-2621BE230579}.Debug|Any CPU.ActiveCfg = Debug|Any CPU
		{29070DBD-4472-489F-A9B5-2621BE230579}.Debug|Any CPU.Build.0 = Debug|Any CPU
		{29070DBD-4472-489F-A9B5-2621BE230579}.Debug|x64.ActiveCfg = Debug|Any CPU
		{29070DBD-4472-489F-A9B5-2621BE230579}.Debug|x64.Build.0 = Debug|Any CPU
		{29070DBD-4472-489F-A9B5-2621BE230579}.Debug|x86.ActiveCfg = Debug|Any CPU
		{29070DBD-4472-489F-A9B5-2621BE230579}.Debug|x86.Build.0 = Debug|Any CPU
		{29070DBD-4472-489F-A9B5-2621BE230579}.Release|Any CPU.ActiveCfg = Release|Any CPU
		{29070DBD-4472-489F-A9B5-2621BE230579}.Release|Any CPU.Build.0 = Release|Any CPU
		{29070DBD-4472-489F-A9B5-2621BE230579}.Release|x64.ActiveCfg = Release|Any CPU
		{29070DBD-4472-489F-A9B5-2621BE230579}.Release|x64.Build.0 = Release|Any CPU
		{29070DBD-4472-489F-A9B5-2621BE230579}.Release|x86.ActiveCfg = Release|Any CPU
		{29070DBD-4472-489F-A9B5-2621BE230579}.Release|x86.Build.0 = Release|Any CPU
		{AC2FF8F5-1B99-4A78-B6CC-0407E783B7AD}.Debug|Any CPU.ActiveCfg = Debug|Any CPU
		{AC2FF8F5-1B99-4A78-B6CC-0407E783B7AD}.Debug|Any CPU.Build.0 = Debug|Any CPU
		{AC2FF8F5-1B99-4A78-B6CC-0407E783B7AD}.Debug|x64.ActiveCfg = Debug|Any CPU
		{AC2FF8F5-1B99-4A78-B6CC-0407E783B7AD}.Debug|x64.Build.0 = Debug|Any CPU
		{AC2FF8F5-1B99-4A78-B6CC-0407E783B7AD}.Debug|x86.ActiveCfg = Debug|Any CPU
		{AC2FF8F5-1B99-4A78-B6CC-0407E783B7AD}.Debug|x86.Build.0 = Debug|Any CPU
		{AC2FF8F5-1B99-4A78-B6CC-0407E783B7AD}.Release|Any CPU.ActiveCfg = Release|Any CPU
		{AC2FF8F5-1B99-4A78-B6CC-0407E783B7AD}.Release|Any CPU.Build.0 = Release|Any CPU
		{AC2FF8F5-1B99-4A78-B6CC-0407E783B7AD}.Release|x64.ActiveCfg = Release|Any CPU
		{AC2FF8F5-1B99-4A78-B6CC-0407E783B7AD}.Release|x64.Build.0 = Release|Any CPU
		{AC2FF8F5-1B99-4A78-B6CC-0407E783B7AD}.Release|x86.ActiveCfg = Release|Any CPU
		{AC2FF8F5-1B99-4A78-B6CC-0407E783B7AD}.Release|x86.Build.0 = Release|Any CPU
		{513F94AB-70ED-4C45-8314-8DAFE5BCF9C4}.Debug|Any CPU.ActiveCfg = Debug|Any CPU
		{513F94AB-70ED-4C45-8314-8DAFE5BCF9C4}.Debug|Any CPU.Build.0 = Debug|Any CPU
		{513F94AB-70ED-4C45-8314-8DAFE5BCF9C4}.Debug|x64.ActiveCfg = Debug|Any CPU
		{513F94AB-70ED-4C45-8314-8DAFE5BCF9C4}.Debug|x64.Build.0 = Debug|Any CPU
		{513F94AB-70ED-4C45-8314-8DAFE5BCF9C4}.Debug|x86.ActiveCfg = Debug|Any CPU
		{513F94AB-70ED-4C45-8314-8DAFE5BCF9C4}.Debug|x86.Build.0 = Debug|Any CPU
		{513F94AB-70ED-4C45-8314-8DAFE5BCF9C4}.Release|Any CPU.ActiveCfg = Release|Any CPU
		{513F94AB-70ED-4C45-8314-8DAFE5BCF9C4}.Release|Any CPU.Build.0 = Release|Any CPU
		{513F94AB-70ED-4C45-8314-8DAFE5BCF9C4}.Release|x64.ActiveCfg = Release|Any CPU
		{513F94AB-70ED-4C45-8314-8DAFE5BCF9C4}.Release|x64.Build.0 = Release|Any CPU
		{513F94AB-70ED-4C45-8314-8DAFE5BCF9C4}.Release|x86.ActiveCfg = Release|Any CPU
		{513F94AB-70ED-4C45-8314-8DAFE5BCF9C4}.Release|x86.Build.0 = Release|Any CPU
		{6FBCB446-887F-4C3B-9405-CF38E648EE9B}.Debug|Any CPU.ActiveCfg = Debug|Any CPU
		{6FBCB446-887F-4C3B-9405-CF38E648EE9B}.Debug|Any CPU.Build.0 = Debug|Any CPU
		{6FBCB446-887F-4C3B-9405-CF38E648EE9B}.Debug|x64.ActiveCfg = Debug|Any CPU
		{6FBCB446-887F-4C3B-9405-CF38E648EE9B}.Debug|x64.Build.0 = Debug|Any CPU
		{6FBCB446-887F-4C3B-9405-CF38E648EE9B}.Debug|x86.ActiveCfg = Debug|Any CPU
		{6FBCB446-887F-4C3B-9405-CF38E648EE9B}.Debug|x86.Build.0 = Debug|Any CPU
		{6FBCB446-887F-4C3B-9405-CF38E648EE9B}.Release|Any CPU.ActiveCfg = Release|Any CPU
		{6FBCB446-887F-4C3B-9405-CF38E648EE9B}.Release|Any CPU.Build.0 = Release|Any CPU
		{6FBCB446-887F-4C3B-9405-CF38E648EE9B}.Release|x64.ActiveCfg = Release|Any CPU
		{6FBCB446-887F-4C3B-9405-CF38E648EE9B}.Release|x64.Build.0 = Release|Any CPU
		{6FBCB446-887F-4C3B-9405-CF38E648EE9B}.Release|x86.ActiveCfg = Release|Any CPU
		{6FBCB446-887F-4C3B-9405-CF38E648EE9B}.Release|x86.Build.0 = Release|Any CPU
		{3DAAF5FC-8128-491E-B363-E36E2F613999}.Debug|Any CPU.ActiveCfg = Debug|Any CPU
		{3DAAF5FC-8128-491E-B363-E36E2F613999}.Debug|Any CPU.Build.0 = Debug|Any CPU
		{3DAAF5FC-8128-491E-B363-E36E2F613999}.Debug|x64.ActiveCfg = Debug|Any CPU
		{3DAAF5FC-8128-491E-B363-E36E2F613999}.Debug|x64.Build.0 = Debug|Any CPU
		{3DAAF5FC-8128-491E-B363-E36E2F613999}.Debug|x86.ActiveCfg = Debug|Any CPU
		{3DAAF5FC-8128-491E-B363-E36E2F613999}.Debug|x86.Build.0 = Debug|Any CPU
		{3DAAF5FC-8128-491E-B363-E36E2F613999}.Release|Any CPU.ActiveCfg = Release|Any CPU
		{3DAAF5FC-8128-491E-B363-E36E2F613999}.Release|Any CPU.Build.0 = Release|Any CPU
		{3DAAF5FC-8128-491E-B363-E36E2F613999}.Release|x64.ActiveCfg = Release|Any CPU
		{3DAAF5FC-8128-491E-B363-E36E2F613999}.Release|x64.Build.0 = Release|Any CPU
		{3DAAF5FC-8128-491E-B363-E36E2F613999}.Release|x86.ActiveCfg = Release|Any CPU
		{3DAAF5FC-8128-491E-B363-E36E2F613999}.Release|x86.Build.0 = Release|Any CPU
		{0ECBC976-949B-4F34-A888-4286CB8AC5FD}.Debug|Any CPU.ActiveCfg = Debug|Any CPU
		{0ECBC976-949B-4F34-A888-4286CB8AC5FD}.Debug|Any CPU.Build.0 = Debug|Any CPU
		{0ECBC976-949B-4F34-A888-4286CB8AC5FD}.Debug|x64.ActiveCfg = Debug|Any CPU
		{0ECBC976-949B-4F34-A888-4286CB8AC5FD}.Debug|x64.Build.0 = Debug|Any CPU
		{0ECBC976-949B-4F34-A888-4286CB8AC5FD}.Debug|x86.ActiveCfg = Debug|Any CPU
		{0ECBC976-949B-4F34-A888-4286CB8AC5FD}.Debug|x86.Build.0 = Debug|Any CPU
		{0ECBC976-949B-4F34-A888-4286CB8AC5FD}.Release|Any CPU.ActiveCfg = Release|Any CPU
		{0ECBC976-949B-4F34-A888-4286CB8AC5FD}.Release|Any CPU.Build.0 = Release|Any CPU
		{0ECBC976-949B-4F34-A888-4286CB8AC5FD}.Release|x64.ActiveCfg = Release|Any CPU
		{0ECBC976-949B-4F34-A888-4286CB8AC5FD}.Release|x64.Build.0 = Release|Any CPU
		{0ECBC976-949B-4F34-A888-4286CB8AC5FD}.Release|x86.ActiveCfg = Release|Any CPU
		{0ECBC976-949B-4F34-A888-4286CB8AC5FD}.Release|x86.Build.0 = Release|Any CPU
		{503CA4D0-14AB-47CA-AA50-B38CD260E3AF}.Debug|Any CPU.ActiveCfg = Debug|Any CPU
		{503CA4D0-14AB-47CA-AA50-B38CD260E3AF}.Debug|Any CPU.Build.0 = Debug|Any CPU
		{503CA4D0-14AB-47CA-AA50-B38CD260E3AF}.Debug|x64.ActiveCfg = Debug|Any CPU
		{503CA4D0-14AB-47CA-AA50-B38CD260E3AF}.Debug|x64.Build.0 = Debug|Any CPU
		{503CA4D0-14AB-47CA-AA50-B38CD260E3AF}.Debug|x86.ActiveCfg = Debug|Any CPU
		{503CA4D0-14AB-47CA-AA50-B38CD260E3AF}.Debug|x86.Build.0 = Debug|Any CPU
		{503CA4D0-14AB-47CA-AA50-B38CD260E3AF}.Release|Any CPU.ActiveCfg = Release|Any CPU
		{503CA4D0-14AB-47CA-AA50-B38CD260E3AF}.Release|Any CPU.Build.0 = Release|Any CPU
		{503CA4D0-14AB-47CA-AA50-B38CD260E3AF}.Release|x64.ActiveCfg = Release|Any CPU
		{503CA4D0-14AB-47CA-AA50-B38CD260E3AF}.Release|x64.Build.0 = Release|Any CPU
		{503CA4D0-14AB-47CA-AA50-B38CD260E3AF}.Release|x86.ActiveCfg = Release|Any CPU
		{503CA4D0-14AB-47CA-AA50-B38CD260E3AF}.Release|x86.Build.0 = Release|Any CPU
		{723D7ADD-52B8-40B6-A786-5F7E625182E2}.Debug|Any CPU.ActiveCfg = Debug|Any CPU
		{723D7ADD-52B8-40B6-A786-5F7E625182E2}.Debug|Any CPU.Build.0 = Debug|Any CPU
		{723D7ADD-52B8-40B6-A786-5F7E625182E2}.Debug|x64.ActiveCfg = Debug|Any CPU
		{723D7ADD-52B8-40B6-A786-5F7E625182E2}.Debug|x64.Build.0 = Debug|Any CPU
		{723D7ADD-52B8-40B6-A786-5F7E625182E2}.Debug|x86.ActiveCfg = Debug|Any CPU
		{723D7ADD-52B8-40B6-A786-5F7E625182E2}.Debug|x86.Build.0 = Debug|Any CPU
		{723D7ADD-52B8-40B6-A786-5F7E625182E2}.Release|Any CPU.ActiveCfg = Release|Any CPU
		{723D7ADD-52B8-40B6-A786-5F7E625182E2}.Release|Any CPU.Build.0 = Release|Any CPU
		{723D7ADD-52B8-40B6-A786-5F7E625182E2}.Release|x64.ActiveCfg = Release|Any CPU
		{723D7ADD-52B8-40B6-A786-5F7E625182E2}.Release|x64.Build.0 = Release|Any CPU
		{723D7ADD-52B8-40B6-A786-5F7E625182E2}.Release|x86.ActiveCfg = Release|Any CPU
		{723D7ADD-52B8-40B6-A786-5F7E625182E2}.Release|x86.Build.0 = Release|Any CPU
		{776BA612-41D2-4542-83AF-D267A458CD71}.Debug|Any CPU.ActiveCfg = Debug|Any CPU
		{776BA612-41D2-4542-83AF-D267A458CD71}.Debug|Any CPU.Build.0 = Debug|Any CPU
		{776BA612-41D2-4542-83AF-D267A458CD71}.Debug|x64.ActiveCfg = Debug|Any CPU
		{776BA612-41D2-4542-83AF-D267A458CD71}.Debug|x64.Build.0 = Debug|Any CPU
		{776BA612-41D2-4542-83AF-D267A458CD71}.Debug|x86.ActiveCfg = Debug|Any CPU
		{776BA612-41D2-4542-83AF-D267A458CD71}.Debug|x86.Build.0 = Debug|Any CPU
		{776BA612-41D2-4542-83AF-D267A458CD71}.Release|Any CPU.ActiveCfg = Release|Any CPU
		{776BA612-41D2-4542-83AF-D267A458CD71}.Release|Any CPU.Build.0 = Release|Any CPU
		{776BA612-41D2-4542-83AF-D267A458CD71}.Release|x64.ActiveCfg = Release|Any CPU
		{776BA612-41D2-4542-83AF-D267A458CD71}.Release|x64.Build.0 = Release|Any CPU
		{776BA612-41D2-4542-83AF-D267A458CD71}.Release|x86.ActiveCfg = Release|Any CPU
		{776BA612-41D2-4542-83AF-D267A458CD71}.Release|x86.Build.0 = Release|Any CPU
		{5394EA92-7FAD-4582-AC68-E53715DB1395}.Debug|Any CPU.ActiveCfg = Debug|Any CPU
		{5394EA92-7FAD-4582-AC68-E53715DB1395}.Debug|Any CPU.Build.0 = Debug|Any CPU
		{5394EA92-7FAD-4582-AC68-E53715DB1395}.Debug|x64.ActiveCfg = Debug|Any CPU
		{5394EA92-7FAD-4582-AC68-E53715DB1395}.Debug|x64.Build.0 = Debug|Any CPU
		{5394EA92-7FAD-4582-AC68-E53715DB1395}.Debug|x86.ActiveCfg = Debug|Any CPU
		{5394EA92-7FAD-4582-AC68-E53715DB1395}.Debug|x86.Build.0 = Debug|Any CPU
		{5394EA92-7FAD-4582-AC68-E53715DB1395}.Release|Any CPU.ActiveCfg = Release|Any CPU
		{5394EA92-7FAD-4582-AC68-E53715DB1395}.Release|Any CPU.Build.0 = Release|Any CPU
		{5394EA92-7FAD-4582-AC68-E53715DB1395}.Release|x64.ActiveCfg = Release|Any CPU
		{5394EA92-7FAD-4582-AC68-E53715DB1395}.Release|x64.Build.0 = Release|Any CPU
		{5394EA92-7FAD-4582-AC68-E53715DB1395}.Release|x86.ActiveCfg = Release|Any CPU
		{5394EA92-7FAD-4582-AC68-E53715DB1395}.Release|x86.Build.0 = Release|Any CPU
		{C8B50092-716A-4394-9714-5FC3B901AC54}.Debug|Any CPU.ActiveCfg = Debug|Any CPU
		{C8B50092-716A-4394-9714-5FC3B901AC54}.Debug|Any CPU.Build.0 = Debug|Any CPU
		{C8B50092-716A-4394-9714-5FC3B901AC54}.Debug|x64.ActiveCfg = Debug|Any CPU
		{C8B50092-716A-4394-9714-5FC3B901AC54}.Debug|x64.Build.0 = Debug|Any CPU
		{C8B50092-716A-4394-9714-5FC3B901AC54}.Debug|x86.ActiveCfg = Debug|Any CPU
		{C8B50092-716A-4394-9714-5FC3B901AC54}.Debug|x86.Build.0 = Debug|Any CPU
		{C8B50092-716A-4394-9714-5FC3B901AC54}.Release|Any CPU.ActiveCfg = Release|Any CPU
		{C8B50092-716A-4394-9714-5FC3B901AC54}.Release|Any CPU.Build.0 = Release|Any CPU
		{C8B50092-716A-4394-9714-5FC3B901AC54}.Release|x64.ActiveCfg = Release|Any CPU
		{C8B50092-716A-4394-9714-5FC3B901AC54}.Release|x64.Build.0 = Release|Any CPU
		{C8B50092-716A-4394-9714-5FC3B901AC54}.Release|x86.ActiveCfg = Release|Any CPU
		{C8B50092-716A-4394-9714-5FC3B901AC54}.Release|x86.Build.0 = Release|Any CPU
		{D2D6C31D-A1F0-4B74-9B48-7F9AA813C921}.Debug|Any CPU.ActiveCfg = Debug|Any CPU
		{D2D6C31D-A1F0-4B74-9B48-7F9AA813C921}.Debug|Any CPU.Build.0 = Debug|Any CPU
		{D2D6C31D-A1F0-4B74-9B48-7F9AA813C921}.Debug|x64.ActiveCfg = Debug|Any CPU
		{D2D6C31D-A1F0-4B74-9B48-7F9AA813C921}.Debug|x64.Build.0 = Debug|Any CPU
		{D2D6C31D-A1F0-4B74-9B48-7F9AA813C921}.Debug|x86.ActiveCfg = Debug|Any CPU
		{D2D6C31D-A1F0-4B74-9B48-7F9AA813C921}.Debug|x86.Build.0 = Debug|Any CPU
		{D2D6C31D-A1F0-4B74-9B48-7F9AA813C921}.Release|Any CPU.ActiveCfg = Release|Any CPU
		{D2D6C31D-A1F0-4B74-9B48-7F9AA813C921}.Release|Any CPU.Build.0 = Release|Any CPU
		{D2D6C31D-A1F0-4B74-9B48-7F9AA813C921}.Release|x64.ActiveCfg = Release|Any CPU
		{D2D6C31D-A1F0-4B74-9B48-7F9AA813C921}.Release|x64.Build.0 = Release|Any CPU
		{D2D6C31D-A1F0-4B74-9B48-7F9AA813C921}.Release|x86.ActiveCfg = Release|Any CPU
		{D2D6C31D-A1F0-4B74-9B48-7F9AA813C921}.Release|x86.Build.0 = Release|Any CPU
		{866762A3-0FCA-4AE1-8FB7-79D40F668745}.Debug|Any CPU.ActiveCfg = Debug|Any CPU
		{866762A3-0FCA-4AE1-8FB7-79D40F668745}.Debug|Any CPU.Build.0 = Debug|Any CPU
		{866762A3-0FCA-4AE1-8FB7-79D40F668745}.Debug|x64.ActiveCfg = Debug|Any CPU
		{866762A3-0FCA-4AE1-8FB7-79D40F668745}.Debug|x64.Build.0 = Debug|Any CPU
		{866762A3-0FCA-4AE1-8FB7-79D40F668745}.Debug|x86.ActiveCfg = Debug|Any CPU
		{866762A3-0FCA-4AE1-8FB7-79D40F668745}.Debug|x86.Build.0 = Debug|Any CPU
		{866762A3-0FCA-4AE1-8FB7-79D40F668745}.Release|Any CPU.ActiveCfg = Release|Any CPU
		{866762A3-0FCA-4AE1-8FB7-79D40F668745}.Release|Any CPU.Build.0 = Release|Any CPU
		{866762A3-0FCA-4AE1-8FB7-79D40F668745}.Release|x64.ActiveCfg = Release|Any CPU
		{866762A3-0FCA-4AE1-8FB7-79D40F668745}.Release|x64.Build.0 = Release|Any CPU
		{866762A3-0FCA-4AE1-8FB7-79D40F668745}.Release|x86.ActiveCfg = Release|Any CPU
		{866762A3-0FCA-4AE1-8FB7-79D40F668745}.Release|x86.Build.0 = Release|Any CPU
		{2FDA58A5-3170-47BC-8638-1ECAAB6452D3}.Debug|Any CPU.ActiveCfg = Debug|Any CPU
		{2FDA58A5-3170-47BC-8638-1ECAAB6452D3}.Debug|Any CPU.Build.0 = Debug|Any CPU
		{2FDA58A5-3170-47BC-8638-1ECAAB6452D3}.Debug|x64.ActiveCfg = Debug|Any CPU
		{2FDA58A5-3170-47BC-8638-1ECAAB6452D3}.Debug|x64.Build.0 = Debug|Any CPU
		{2FDA58A5-3170-47BC-8638-1ECAAB6452D3}.Debug|x86.ActiveCfg = Debug|Any CPU
		{2FDA58A5-3170-47BC-8638-1ECAAB6452D3}.Debug|x86.Build.0 = Debug|Any CPU
		{2FDA58A5-3170-47BC-8638-1ECAAB6452D3}.Release|Any CPU.ActiveCfg = Release|Any CPU
		{2FDA58A5-3170-47BC-8638-1ECAAB6452D3}.Release|Any CPU.Build.0 = Release|Any CPU
		{2FDA58A5-3170-47BC-8638-1ECAAB6452D3}.Release|x64.ActiveCfg = Release|Any CPU
		{2FDA58A5-3170-47BC-8638-1ECAAB6452D3}.Release|x64.Build.0 = Release|Any CPU
		{2FDA58A5-3170-47BC-8638-1ECAAB6452D3}.Release|x86.ActiveCfg = Release|Any CPU
		{2FDA58A5-3170-47BC-8638-1ECAAB6452D3}.Release|x86.Build.0 = Release|Any CPU
		{4954848F-EAFF-41FF-AA99-F70CE753A4B4}.Debug|Any CPU.ActiveCfg = Debug|Any CPU
		{4954848F-EAFF-41FF-AA99-F70CE753A4B4}.Debug|Any CPU.Build.0 = Debug|Any CPU
		{4954848F-EAFF-41FF-AA99-F70CE753A4B4}.Debug|x64.ActiveCfg = Debug|Any CPU
		{4954848F-EAFF-41FF-AA99-F70CE753A4B4}.Debug|x64.Build.0 = Debug|Any CPU
		{4954848F-EAFF-41FF-AA99-F70CE753A4B4}.Debug|x86.ActiveCfg = Debug|Any CPU
		{4954848F-EAFF-41FF-AA99-F70CE753A4B4}.Debug|x86.Build.0 = Debug|Any CPU
		{4954848F-EAFF-41FF-AA99-F70CE753A4B4}.Release|Any CPU.ActiveCfg = Release|Any CPU
		{4954848F-EAFF-41FF-AA99-F70CE753A4B4}.Release|Any CPU.Build.0 = Release|Any CPU
		{4954848F-EAFF-41FF-AA99-F70CE753A4B4}.Release|x64.ActiveCfg = Release|Any CPU
		{4954848F-EAFF-41FF-AA99-F70CE753A4B4}.Release|x64.Build.0 = Release|Any CPU
		{4954848F-EAFF-41FF-AA99-F70CE753A4B4}.Release|x86.ActiveCfg = Release|Any CPU
		{4954848F-EAFF-41FF-AA99-F70CE753A4B4}.Release|x86.Build.0 = Release|Any CPU
		{115C2F48-0CD6-4D93-B988-942761D27C8B}.Debug|Any CPU.ActiveCfg = Debug|Any CPU
		{115C2F48-0CD6-4D93-B988-942761D27C8B}.Debug|Any CPU.Build.0 = Debug|Any CPU
		{115C2F48-0CD6-4D93-B988-942761D27C8B}.Debug|x64.ActiveCfg = Debug|Any CPU
		{115C2F48-0CD6-4D93-B988-942761D27C8B}.Debug|x64.Build.0 = Debug|Any CPU
		{115C2F48-0CD6-4D93-B988-942761D27C8B}.Debug|x86.ActiveCfg = Debug|Any CPU
		{115C2F48-0CD6-4D93-B988-942761D27C8B}.Debug|x86.Build.0 = Debug|Any CPU
		{115C2F48-0CD6-4D93-B988-942761D27C8B}.Release|Any CPU.ActiveCfg = Release|Any CPU
		{115C2F48-0CD6-4D93-B988-942761D27C8B}.Release|Any CPU.Build.0 = Release|Any CPU
		{115C2F48-0CD6-4D93-B988-942761D27C8B}.Release|x64.ActiveCfg = Release|Any CPU
		{115C2F48-0CD6-4D93-B988-942761D27C8B}.Release|x64.Build.0 = Release|Any CPU
		{115C2F48-0CD6-4D93-B988-942761D27C8B}.Release|x86.ActiveCfg = Release|Any CPU
		{115C2F48-0CD6-4D93-B988-942761D27C8B}.Release|x86.Build.0 = Release|Any CPU
		{4240CDF0-8E1A-41E8-97E6-F67AEEA1E84B}.Debug|Any CPU.ActiveCfg = Debug|Any CPU
		{4240CDF0-8E1A-41E8-97E6-F67AEEA1E84B}.Debug|Any CPU.Build.0 = Debug|Any CPU
		{4240CDF0-8E1A-41E8-97E6-F67AEEA1E84B}.Debug|x64.ActiveCfg = Debug|Any CPU
		{4240CDF0-8E1A-41E8-97E6-F67AEEA1E84B}.Debug|x64.Build.0 = Debug|Any CPU
		{4240CDF0-8E1A-41E8-97E6-F67AEEA1E84B}.Debug|x86.ActiveCfg = Debug|Any CPU
		{4240CDF0-8E1A-41E8-97E6-F67AEEA1E84B}.Debug|x86.Build.0 = Debug|Any CPU
		{4240CDF0-8E1A-41E8-97E6-F67AEEA1E84B}.Release|Any CPU.ActiveCfg = Release|Any CPU
		{4240CDF0-8E1A-41E8-97E6-F67AEEA1E84B}.Release|Any CPU.Build.0 = Release|Any CPU
		{4240CDF0-8E1A-41E8-97E6-F67AEEA1E84B}.Release|x64.ActiveCfg = Release|Any CPU
		{4240CDF0-8E1A-41E8-97E6-F67AEEA1E84B}.Release|x64.Build.0 = Release|Any CPU
		{4240CDF0-8E1A-41E8-97E6-F67AEEA1E84B}.Release|x86.ActiveCfg = Release|Any CPU
		{4240CDF0-8E1A-41E8-97E6-F67AEEA1E84B}.Release|x86.Build.0 = Release|Any CPU
		{4B042C3E-125C-4DA5-A21E-98A37DD478AF}.Debug|Any CPU.ActiveCfg = Debug|Any CPU
		{4B042C3E-125C-4DA5-A21E-98A37DD478AF}.Debug|Any CPU.Build.0 = Debug|Any CPU
		{4B042C3E-125C-4DA5-A21E-98A37DD478AF}.Debug|x64.ActiveCfg = Debug|Any CPU
		{4B042C3E-125C-4DA5-A21E-98A37DD478AF}.Debug|x64.Build.0 = Debug|Any CPU
		{4B042C3E-125C-4DA5-A21E-98A37DD478AF}.Debug|x86.ActiveCfg = Debug|Any CPU
		{4B042C3E-125C-4DA5-A21E-98A37DD478AF}.Debug|x86.Build.0 = Debug|Any CPU
		{4B042C3E-125C-4DA5-A21E-98A37DD478AF}.Release|Any CPU.ActiveCfg = Release|Any CPU
		{4B042C3E-125C-4DA5-A21E-98A37DD478AF}.Release|Any CPU.Build.0 = Release|Any CPU
		{4B042C3E-125C-4DA5-A21E-98A37DD478AF}.Release|x64.ActiveCfg = Release|Any CPU
		{4B042C3E-125C-4DA5-A21E-98A37DD478AF}.Release|x64.Build.0 = Release|Any CPU
		{4B042C3E-125C-4DA5-A21E-98A37DD478AF}.Release|x86.ActiveCfg = Release|Any CPU
		{4B042C3E-125C-4DA5-A21E-98A37DD478AF}.Release|x86.Build.0 = Release|Any CPU
		{65043677-CA9B-4ABE-B2D5-DFE8EF331418}.Debug|Any CPU.ActiveCfg = Debug|Any CPU
		{65043677-CA9B-4ABE-B2D5-DFE8EF331418}.Debug|Any CPU.Build.0 = Debug|Any CPU
		{65043677-CA9B-4ABE-B2D5-DFE8EF331418}.Debug|x64.ActiveCfg = Debug|Any CPU
		{65043677-CA9B-4ABE-B2D5-DFE8EF331418}.Debug|x64.Build.0 = Debug|Any CPU
		{65043677-CA9B-4ABE-B2D5-DFE8EF331418}.Debug|x86.ActiveCfg = Debug|Any CPU
		{65043677-CA9B-4ABE-B2D5-DFE8EF331418}.Debug|x86.Build.0 = Debug|Any CPU
		{65043677-CA9B-4ABE-B2D5-DFE8EF331418}.Release|Any CPU.ActiveCfg = Release|Any CPU
		{65043677-CA9B-4ABE-B2D5-DFE8EF331418}.Release|Any CPU.Build.0 = Release|Any CPU
		{65043677-CA9B-4ABE-B2D5-DFE8EF331418}.Release|x64.ActiveCfg = Release|Any CPU
		{65043677-CA9B-4ABE-B2D5-DFE8EF331418}.Release|x64.Build.0 = Release|Any CPU
		{65043677-CA9B-4ABE-B2D5-DFE8EF331418}.Release|x86.ActiveCfg = Release|Any CPU
		{65043677-CA9B-4ABE-B2D5-DFE8EF331418}.Release|x86.Build.0 = Release|Any CPU
		{45D1845F-5455-4CE7-94CB-D7E79B630FBB}.Debug|Any CPU.ActiveCfg = Debug|Any CPU
		{45D1845F-5455-4CE7-94CB-D7E79B630FBB}.Debug|Any CPU.Build.0 = Debug|Any CPU
		{45D1845F-5455-4CE7-94CB-D7E79B630FBB}.Debug|x64.ActiveCfg = Debug|Any CPU
		{45D1845F-5455-4CE7-94CB-D7E79B630FBB}.Debug|x64.Build.0 = Debug|Any CPU
		{45D1845F-5455-4CE7-94CB-D7E79B630FBB}.Debug|x86.ActiveCfg = Debug|Any CPU
		{45D1845F-5455-4CE7-94CB-D7E79B630FBB}.Debug|x86.Build.0 = Debug|Any CPU
		{45D1845F-5455-4CE7-94CB-D7E79B630FBB}.Release|Any CPU.ActiveCfg = Release|Any CPU
		{45D1845F-5455-4CE7-94CB-D7E79B630FBB}.Release|Any CPU.Build.0 = Release|Any CPU
		{45D1845F-5455-4CE7-94CB-D7E79B630FBB}.Release|x64.ActiveCfg = Release|Any CPU
		{45D1845F-5455-4CE7-94CB-D7E79B630FBB}.Release|x64.Build.0 = Release|Any CPU
		{45D1845F-5455-4CE7-94CB-D7E79B630FBB}.Release|x86.ActiveCfg = Release|Any CPU
		{45D1845F-5455-4CE7-94CB-D7E79B630FBB}.Release|x86.Build.0 = Release|Any CPU
		{5E92C326-DC23-4993-99DB-ECFB094F8709}.Debug|Any CPU.ActiveCfg = Debug|Any CPU
		{5E92C326-DC23-4993-99DB-ECFB094F8709}.Debug|Any CPU.Build.0 = Debug|Any CPU
		{5E92C326-DC23-4993-99DB-ECFB094F8709}.Debug|x64.ActiveCfg = Debug|Any CPU
		{5E92C326-DC23-4993-99DB-ECFB094F8709}.Debug|x64.Build.0 = Debug|Any CPU
		{5E92C326-DC23-4993-99DB-ECFB094F8709}.Debug|x86.ActiveCfg = Debug|Any CPU
		{5E92C326-DC23-4993-99DB-ECFB094F8709}.Debug|x86.Build.0 = Debug|Any CPU
		{5E92C326-DC23-4993-99DB-ECFB094F8709}.Release|Any CPU.ActiveCfg = Release|Any CPU
		{5E92C326-DC23-4993-99DB-ECFB094F8709}.Release|Any CPU.Build.0 = Release|Any CPU
		{5E92C326-DC23-4993-99DB-ECFB094F8709}.Release|x64.ActiveCfg = Release|Any CPU
		{5E92C326-DC23-4993-99DB-ECFB094F8709}.Release|x64.Build.0 = Release|Any CPU
		{5E92C326-DC23-4993-99DB-ECFB094F8709}.Release|x86.ActiveCfg = Release|Any CPU
		{5E92C326-DC23-4993-99DB-ECFB094F8709}.Release|x86.Build.0 = Release|Any CPU
		{F214950A-EE61-47D1-BF63-9998C7489C98}.Debug|Any CPU.ActiveCfg = Debug|Any CPU
		{F214950A-EE61-47D1-BF63-9998C7489C98}.Debug|Any CPU.Build.0 = Debug|Any CPU
		{F214950A-EE61-47D1-BF63-9998C7489C98}.Debug|x64.ActiveCfg = Debug|Any CPU
		{F214950A-EE61-47D1-BF63-9998C7489C98}.Debug|x64.Build.0 = Debug|Any CPU
		{F214950A-EE61-47D1-BF63-9998C7489C98}.Debug|x86.ActiveCfg = Debug|Any CPU
		{F214950A-EE61-47D1-BF63-9998C7489C98}.Debug|x86.Build.0 = Debug|Any CPU
		{F214950A-EE61-47D1-BF63-9998C7489C98}.Release|Any CPU.ActiveCfg = Release|Any CPU
		{F214950A-EE61-47D1-BF63-9998C7489C98}.Release|Any CPU.Build.0 = Release|Any CPU
		{F214950A-EE61-47D1-BF63-9998C7489C98}.Release|x64.ActiveCfg = Release|Any CPU
		{F214950A-EE61-47D1-BF63-9998C7489C98}.Release|x64.Build.0 = Release|Any CPU
		{F214950A-EE61-47D1-BF63-9998C7489C98}.Release|x86.ActiveCfg = Release|Any CPU
		{F214950A-EE61-47D1-BF63-9998C7489C98}.Release|x86.Build.0 = Release|Any CPU
		{412E58DB-2FC9-4DEB-ACDB-9CD2DF5DD88F}.Debug|Any CPU.ActiveCfg = Debug|Any CPU
		{412E58DB-2FC9-4DEB-ACDB-9CD2DF5DD88F}.Debug|Any CPU.Build.0 = Debug|Any CPU
		{412E58DB-2FC9-4DEB-ACDB-9CD2DF5DD88F}.Debug|x64.ActiveCfg = Debug|Any CPU
		{412E58DB-2FC9-4DEB-ACDB-9CD2DF5DD88F}.Debug|x64.Build.0 = Debug|Any CPU
		{412E58DB-2FC9-4DEB-ACDB-9CD2DF5DD88F}.Debug|x86.ActiveCfg = Debug|Any CPU
		{412E58DB-2FC9-4DEB-ACDB-9CD2DF5DD88F}.Debug|x86.Build.0 = Debug|Any CPU
		{412E58DB-2FC9-4DEB-ACDB-9CD2DF5DD88F}.Release|Any CPU.ActiveCfg = Release|Any CPU
		{412E58DB-2FC9-4DEB-ACDB-9CD2DF5DD88F}.Release|Any CPU.Build.0 = Release|Any CPU
		{412E58DB-2FC9-4DEB-ACDB-9CD2DF5DD88F}.Release|x64.ActiveCfg = Release|Any CPU
		{412E58DB-2FC9-4DEB-ACDB-9CD2DF5DD88F}.Release|x64.Build.0 = Release|Any CPU
		{412E58DB-2FC9-4DEB-ACDB-9CD2DF5DD88F}.Release|x86.ActiveCfg = Release|Any CPU
		{412E58DB-2FC9-4DEB-ACDB-9CD2DF5DD88F}.Release|x86.Build.0 = Release|Any CPU
		{E6889220-4F44-45DE-BE11-975CE00EA032}.Debug|Any CPU.ActiveCfg = Debug|Any CPU
		{E6889220-4F44-45DE-BE11-975CE00EA032}.Debug|Any CPU.Build.0 = Debug|Any CPU
		{E6889220-4F44-45DE-BE11-975CE00EA032}.Debug|x64.ActiveCfg = Debug|Any CPU
		{E6889220-4F44-45DE-BE11-975CE00EA032}.Debug|x64.Build.0 = Debug|Any CPU
		{E6889220-4F44-45DE-BE11-975CE00EA032}.Debug|x86.ActiveCfg = Debug|Any CPU
		{E6889220-4F44-45DE-BE11-975CE00EA032}.Debug|x86.Build.0 = Debug|Any CPU
		{E6889220-4F44-45DE-BE11-975CE00EA032}.Release|Any CPU.ActiveCfg = Release|Any CPU
		{E6889220-4F44-45DE-BE11-975CE00EA032}.Release|Any CPU.Build.0 = Release|Any CPU
		{E6889220-4F44-45DE-BE11-975CE00EA032}.Release|x64.ActiveCfg = Release|Any CPU
		{E6889220-4F44-45DE-BE11-975CE00EA032}.Release|x64.Build.0 = Release|Any CPU
		{E6889220-4F44-45DE-BE11-975CE00EA032}.Release|x86.ActiveCfg = Release|Any CPU
		{E6889220-4F44-45DE-BE11-975CE00EA032}.Release|x86.Build.0 = Release|Any CPU
		{8CA4F85B-36B8-448A-A6DA-DBB0B3F957D9}.Debug|Any CPU.ActiveCfg = Debug|Any CPU
		{8CA4F85B-36B8-448A-A6DA-DBB0B3F957D9}.Debug|Any CPU.Build.0 = Debug|Any CPU
		{8CA4F85B-36B8-448A-A6DA-DBB0B3F957D9}.Debug|x64.ActiveCfg = Debug|Any CPU
		{8CA4F85B-36B8-448A-A6DA-DBB0B3F957D9}.Debug|x64.Build.0 = Debug|Any CPU
		{8CA4F85B-36B8-448A-A6DA-DBB0B3F957D9}.Debug|x86.ActiveCfg = Debug|Any CPU
		{8CA4F85B-36B8-448A-A6DA-DBB0B3F957D9}.Debug|x86.Build.0 = Debug|Any CPU
		{8CA4F85B-36B8-448A-A6DA-DBB0B3F957D9}.Release|Any CPU.ActiveCfg = Release|Any CPU
		{8CA4F85B-36B8-448A-A6DA-DBB0B3F957D9}.Release|Any CPU.Build.0 = Release|Any CPU
		{8CA4F85B-36B8-448A-A6DA-DBB0B3F957D9}.Release|x64.ActiveCfg = Release|Any CPU
		{8CA4F85B-36B8-448A-A6DA-DBB0B3F957D9}.Release|x64.Build.0 = Release|Any CPU
		{8CA4F85B-36B8-448A-A6DA-DBB0B3F957D9}.Release|x86.ActiveCfg = Release|Any CPU
		{8CA4F85B-36B8-448A-A6DA-DBB0B3F957D9}.Release|x86.Build.0 = Release|Any CPU
	EndGlobalSection
	GlobalSection(SolutionProperties) = preSolution
		HideSolutionNode = FALSE
	EndGlobalSection
	GlobalSection(NestedProjects) = preSolution
		{0ECBC976-949B-4F34-A888-4286CB8AC5FD} = {827E0CD3-B72D-47B6-A68D-7590B98EB39B}
		{503CA4D0-14AB-47CA-AA50-B38CD260E3AF} = {0AB3BF05-4346-4AA6-1389-037BE0695223}
		{723D7ADD-52B8-40B6-A786-5F7E625182E2} = {827E0CD3-B72D-47B6-A68D-7590B98EB39B}
		{776BA612-41D2-4542-83AF-D267A458CD71} = {827E0CD3-B72D-47B6-A68D-7590B98EB39B}
		{D16E4474-6EB6-2F76-CE30-9E0E5BA0728A} = {827E0CD3-B72D-47B6-A68D-7590B98EB39B}
		{5394EA92-7FAD-4582-AC68-E53715DB1395} = {D16E4474-6EB6-2F76-CE30-9E0E5BA0728A}
		{C8B50092-716A-4394-9714-5FC3B901AC54} = {D16E4474-6EB6-2F76-CE30-9E0E5BA0728A}
		{D2D6C31D-A1F0-4B74-9B48-7F9AA813C921} = {D16E4474-6EB6-2F76-CE30-9E0E5BA0728A}
		{9C30F1B0-5B3C-1365-2D12-B8AD95412957} = {0AB3BF05-4346-4AA6-1389-037BE0695223}
		{866762A3-0FCA-4AE1-8FB7-79D40F668745} = {9C30F1B0-5B3C-1365-2D12-B8AD95412957}
		{2FDA58A5-3170-47BC-8638-1ECAAB6452D3} = {827E0CD3-B72D-47B6-A68D-7590B98EB39B}
		{4954848F-EAFF-41FF-AA99-F70CE753A4B4} = {9C30F1B0-5B3C-1365-2D12-B8AD95412957}
		{115C2F48-0CD6-4D93-B988-942761D27C8B} = {9C30F1B0-5B3C-1365-2D12-B8AD95412957}
		{EBA4B960-810E-2806-F19A-640EF73E6F07} = {0AB3BF05-4346-4AA6-1389-037BE0695223}
		{4240CDF0-8E1A-41E8-97E6-F67AEEA1E84B} = {EBA4B960-810E-2806-F19A-640EF73E6F07}
		{4B042C3E-125C-4DA5-A21E-98A37DD478AF} = {EBA4B960-810E-2806-F19A-640EF73E6F07}
		{65043677-CA9B-4ABE-B2D5-DFE8EF331418} = {9C30F1B0-5B3C-1365-2D12-B8AD95412957}
		{45D1845F-5455-4CE7-94CB-D7E79B630FBB} = {827E0CD3-B72D-47B6-A68D-7590B98EB39B}
		{5E92C326-DC23-4993-99DB-ECFB094F8709} = {0AB3BF05-4346-4AA6-1389-037BE0695223}
		{F214950A-EE61-47D1-BF63-9998C7489C98} = {827E0CD3-B72D-47B6-A68D-7590B98EB39B}
		{412E58DB-2FC9-4DEB-ACDB-9CD2DF5DD88F} = {827E0CD3-B72D-47B6-A68D-7590B98EB39B}
		{E6889220-4F44-45DE-BE11-975CE00EA032} = {0AB3BF05-4346-4AA6-1389-037BE0695223}
		{8CA4F85B-36B8-448A-A6DA-DBB0B3F957D9} = {827E0CD3-B72D-47B6-A68D-7590B98EB39B}
	EndGlobalSection
EndGlobal
